
Microsoft Visual Studio Solution File, Format Version 12.00
# Visual Studio Version 17
VisualStudioVersion = 17.3.32929.385
MinimumVisualStudioVersion = 10.0.40219.1
Project("{FAE04EC0-301F-11D3-BF4B-00C04F79EFBC}") = "AlgoritmPrograms", "AlgoritmPrograms.csproj", "{5B8838A7-3042-4918-B1EB-E40A52D4293D}"
EndProject
Global
	GlobalSection(SolutionConfigurationPlatforms) = preSolution
		Debug|Any CPU = Debug|Any CPU
		Release|Any CPU = Release|Any CPU
	EndGlobalSection
	GlobalSection(ProjectConfigurationPlatforms) = postSolution
		{5B8838A7-3042-4918-B1EB-E40A52D4293D}.Debug|Any CPU.ActiveCfg = Debug|Any CPU
		{5B8838A7-3042-4918-B1EB-E40A52D4293D}.Debug|Any CPU.Build.0 = Debug|Any CPU
		{5B8838A7-3042-4918-B1EB-E40A52D4293D}.Release|Any CPU.ActiveCfg = Release|Any CPU
		{5B8838A7-3042-4918-B1EB-E40A52D4293D}.Release|Any CPU.Build.0 = Release|Any CPU
	EndGlobalSection
	GlobalSection(SolutionProperties) = preSolution
		HideSolutionNode = FALSE
	EndGlobalSection
	GlobalSection(ExtensibilityGlobals) = postSolution
		SolutionGuid = {89969D42-DFC4-4452-B4FA-DA0AB67E4096}
	EndGlobalSection
EndGlobal
